
Microsoft Visual Studio Solution File, Format Version 12.00
# Visual Studio Version 17
VisualStudioVersion = 17.0.31903.59
MinimumVisualStudioVersion = 10.0.40219.1
Project("{FAE04EC0-301F-11D3-BF4B-00C04F79EFBC}") = "Huamishu.Api", "Huamishu.Api.csproj", "{2BF1913D-59B5-47AD-AA79-7E433B487BD0}"
EndProject
Project("{FAE04EC0-301F-11D3-BF4B-00C04F79EFBC}") = "Huamishu.Api.Tests", "Huamishu.Api.Tests\Huamishu.Api.Tests.csproj", "{EDE55970-3076-4AD9-98DB-A5C7BE56FFDE}"
EndProject
Global
	GlobalSection(SolutionConfigurationPlatforms) = preSolution
		Debug|Any CPU = Debug|Any CPU
		Debug|x64 = Debug|x64
		Debug|x86 = Debug|x86
		Release|Any CPU = Release|Any CPU
		Release|x64 = Release|x64
		Release|x86 = Release|x86
	EndGlobalSection
	GlobalSection(ProjectConfigurationPlatforms) = postSolution
		{2BF1913D-59B5-47AD-AA79-7E433B487BD0}.Debug|Any CPU.ActiveCfg = Debug|Any CPU
		{2BF1913D-59B5-47AD-AA79-7E433B487BD0}.Debug|Any CPU.Build.0 = Debug|Any CPU
		{2BF1913D-59B5-47AD-AA79-7E433B487BD0}.Debug|x64.ActiveCfg = Debug|Any CPU
		{2BF1913D-59B5-47AD-AA79-7E433B487BD0}.Debug|x64.Build.0 = Debug|Any CPU
		{2BF1913D-59B5-47AD-AA79-7E433B487BD0}.Debug|x86.ActiveCfg = Debug|Any CPU
		{2BF1913D-59B5-47AD-AA79-7E433B487BD0}.Debug|x86.Build.0 = Debug|Any CPU
		{2BF1913D-59B5-47AD-AA79-7E433B487BD0}.Release|Any CPU.ActiveCfg = Release|Any CPU
		{2BF1913D-59B5-47AD-AA79-7E433B487BD0}.Release|Any CPU.Build.0 = Release|Any CPU
		{2BF1913D-59B5-47AD-AA79-7E433B487BD0}.Release|x64.ActiveCfg = Release|Any CPU
		{2BF1913D-59B5-47AD-AA79-7E433B487BD0}.Release|x64.Build.0 = Release|Any CPU
		{2BF1913D-59B5-47AD-AA79-7E433B487BD0}.Release|x86.ActiveCfg = Release|Any CPU
		{2BF1913D-59B5-47AD-AA79-7E433B487BD0}.Release|x86.Build.0 = Release|Any CPU
		{EDE55970-3076-4AD9-98DB-A5C7BE56FFDE}.Debug|Any CPU.ActiveCfg = Debug|Any CPU
		{EDE55970-3076-4AD9-98DB-A5C7BE56FFDE}.Debug|Any CPU.Build.0 = Debug|Any CPU
		{EDE55970-3076-4AD9-98DB-A5C7BE56FFDE}.Debug|x64.ActiveCfg = Debug|Any CPU
		{EDE55970-3076-4AD9-98DB-A5C7BE56FFDE}.Debug|x64.Build.0 = Debug|Any CPU
		{EDE55970-3076-4AD9-98DB-A5C7BE56FFDE}.Debug|x86.ActiveCfg = Debug|Any CPU
		{EDE55970-3076-4AD9-98DB-A5C7BE56FFDE}.Debug|x86.Build.0 = Debug|Any CPU
		{EDE55970-3076-4AD9-98DB-A5C7BE56FFDE}.Release|Any CPU.ActiveCfg = Release|Any CPU
		{EDE55970-3076-4AD9-98DB-A5C7BE56FFDE}.Release|Any CPU.Build.0 = Release|Any CPU
		{EDE55970-3076-4AD9-98DB-A5C7BE56FFDE}.Release|x64.ActiveCfg = Release|Any CPU
		{EDE55970-3076-4AD9-98DB-A5C7BE56FFDE}.Release|x64.Build.0 = Release|Any CPU
		{EDE55970-3076-4AD9-98DB-A5C7BE56FFDE}.Release|x86.ActiveCfg = Release|Any CPU
		{EDE55970-3076-4AD9-98DB-A5C7BE56FFDE}.Release|x86.Build.0 = Release|Any CPU
	EndGlobalSection
	GlobalSection(SolutionProperties) = preSolution
		HideSolutionNode = FALSE
	EndGlobalSection
EndGlobal
